{
  "name": "zen-nap-timer",
  "version": "1.0.0",
  "lockfileVersion": 3,
  "requires": true,
  "packages": {
    "": {
      "name": "zen-nap-timer",
      "version": "1.0.0",
      "dependencies": {
        "@capacitor/android": "^6.0.0",
        "@capacitor/core": "^6.0.0",
        "lucide-react": "^0.344.0",
        "react": "^18.2.0",
        "react-dom": "^18.2.0"
      },
      "devDependencies": {
        "@capacitor/cli": "^6.0.0",
        "@types/react": "^18.2.64",
        "@types/react-dom": "^18.2.21",
        "@vitejs/plugin-react": "^4.2.1",
        "autoprefixer": "^10.4.18",
        "postcss": "^8.4.35",
        "tailwindcss": "^3.4.1",
        "typescript": "^5.2.2",
        "vite": "^5.1.4"
      }
    },
    "node_modules/@capacitor/android": {
      "version": "6.0.0",
      "resolved": "https://registry.npmjs.org/@capacitor/android/-/android-6.0.0.tgz",
      "integrity": "sha512-3J1G6RQRAGElrt72c5Xv8R5gTf2pL+p4awscz8Exf67L8coDajdPa1X6NOcMje7Iunqg1ubQL6dJcYf3QfA3GA==",
      "peerDependencies": {
        "@capacitor/core": "^6.0.0"
      }
    },
    "node_modules/@capacitor/cli": {
      "version": "6.0.0",
      "resolved": "https://registry.npmjs.org/@capacitor/cli/-/cli-6.0.0.tgz",
      "integrity": "sha512-D/k4s5xVjYjI5zgcjf1/8C0QZpFP2q6fJ6Jg4h+Qe6b72Q3/qGVeBbsi9x91eTjSj3a82M2I2zYqGA==",
      "dev": true,
      "bin": {
        "cap": "bin/capacitor"
      },
      "peerDependencies": {
        "@capacitor/android": "^6.0.0",
        "@capacitor/core": "^6.0.0",
        "@capacitor/ios": "^6.0.0"
      },
      "peerDependenciesMeta": {
        "@capacitor/android": {
          "optional": true
        },
        "@capacitor/ios": {
          "optional": true
        }
      }
    },
    "node_modules/@capacitor/core": {
      "version": "6.0.0",
      "resolved": "https://registry.npmjs.org/@capacitor/core/-/core-6.0.0.tgz",
      "integrity": "sha512-iLhQ8I9a4M7gSI/dC35f3pU5j2l35lFu9mPtu27P2j85v2I/t1HVtCtdq5n65k+MA5zI8OTZJ2uQ4t1rXBGAhg==",
      "dependencies": {
        "tslib": "^2.1.0"
      }
    },
    "node_modules/@types/prop-types": {
      "version": "15.7.12",
      "resolved": "https://registry.npmjs.org/@types/prop-types/-/prop-types-15.7.12.tgz",
      "integrity": "sha512-5zvhXYS3icfN1wkdM6vqsMjNcvQDmQPXzvYjne529aNGLDRAJ9Q3CigEuqj2rY9k8zYxdE745zFvV7YvI6uRkQ==",
      "dev": true
    },
    "node_modules/@types/react": {
      "version": "18.2.64",
      "resolved": "https://registry.npmjs.org/@types/react/-/react-18.2.64.tgz",
      "integrity": "sha512-gH5qnaTM6hK5pBMA0Hy/8k28+s2Izs+338m92A2mO6i8sQs0Ub9GxCgN4N3kcN89aB6I5otWHu9v7r5wSgQdCQ==",
      "dev": true,
      "dependencies": {
        "@types/prop-types": "*",
        "csstype": "^3.0.2"
      }
    },
    "node_modules/@types/react-dom": {
      "version": "18.2.21",
      "resolved": "https://registry.npmjs.org/@types/react-dom/-/react-dom-18.2.21.tgz",
      "integrity": "sha512-IM21kHAP1l1w2hGrDk2n1f3583KRyD4k6u/yulW3fHxpUEb2Clor0Qit3k1z3u64n9rCh3g5/0QoCTx83I+aEg==",
      "dev": true,
      "dependencies": {
        "@types/react": "*"
      }
    },
    "node_modules/@vitejs/plugin-react": {
      "version": "4.2.1",
      "resolved": "https://registry.npmjs.org/@vitejs/plugin-react/-/plugin-react-4.2.1.tgz",
      "integrity": "sha512-wX/4D5/L3+MpVf2T5sIDd/y0gT6j5s7pLRf3Q4eEb/aA5Yq3dwS2s3n20yS2w78jklj87e+2v5g2fPnPmP1YwQ==",
      "dev": true,
      "peerDependencies": {
        "vite": ">=3.2.0"
      }
    },
    "node_modules/autoprefixer": {
      "version": "10.4.18",
      "resolved": "https://registry.npmjs.org/autoprefixer/-/autoprefixer-10.4.18.tgz",
      "integrity": "sha512-gBWE2bXa73XCcrv3jAwK0Lq3fAinU3Wz+3ddoT6gTmMxwr1e8gscYd3M1WUZv1zF2m22S3mmygTUwzXBfK3PSg==",
      "dev": true,
      "dependencies": {
        "lilconfig": "^2.1.0",
        "postcss-value-parser": "^4.2.0",
        "source-map-js": "^1.0.2"
      },
      "bin": {
        "autoprefixer": "bin/autoprefixer"
      },
      "engines": {
        "node": "^10 || ^12 || >=14"
      }
    },
    "node_modules/csstype": {
      "version": "3.1.3",
      "resolved": "https://registry.npmjs.org/csstype/-/csstype-3.1.3.tgz",
      "integrity": "sha512-M1uQkMl8rQK/szD0LNhtcwDiFAR9I4cKMLOLZRE2uG2g6haKfYs3+b2QRd7M9k+bA534Abp43NfEcLo87Q7J1g==",
      "dev": true
    },
    "node_modules/fsevents": {
      "version": "2.3.3",
      "resolved": "https://registry.npmjs.org/fsevents/-/fsevents-2.3.3.tgz",
      "integrity": "sha512-5rrqanwRART+FSbqcWy+9oBJdIZUlRgN8s6SjZxjBIz8H5YdGnsdBb2ks7vSSAs5OYwfdI32DjHJADd8bfpI2A==",
      "dev": true,
      "optional": true,
      "os": [
        "darwin"
      ],
      "engines": {
        "node": "^8.16.0 || ^10.6.0 || >=11.0.0"
      }
    },
    "node_modules/js-tokens": {
      "version": "4.0.0",
      "resolved": "https://registry.npmjs.org/js-tokens/-/js-tokens-4.0.0.tgz",
      "integrity": "sha512-RdJUflcE3cUzKiMqQgsCu06FPu9UdIJO0beYbPhHN4k6apgJtifcoCtT9bcxOpYBtpD2kCM6Sbzg4CausW/PKQ=="
    },
    "node_modules/lilconfig": {
      "version": "2.1.0",
      "resolved": "https://registry.npmjs.org/lilconfig/-/lilconfig-2.1.0.tgz",
      "integrity": "sha512-utWOt/GHzuUeC61JM2m5jYndT2n2eR2z4WCzD2UBK23/24rUr/p2n1eS2/pT/kFz+w0v/y2xWvSAW4Zy05gxg==",
      "dev": true,
      "engines": {
        "node": ">=10"
      }
    },
    "node_modules/loose-envify": {
      "version": "1.4.0",
      "resolved": "https://registry.npmjs.org/loose-envify/-/loose-envify-1.4.0.tgz",
      "integrity": "sha512-lyuxPGr/Wfhrlem2CL/UcnUc1zcqKA3a2eYUrN7k57xbPCNNspxxaY9isogW+wtrnyA7f5/3o2gg5Ji8bpFxdg==",
      "dependencies": {
        "js-tokens": "^3.0.0 || ^4.0.0"
      },
      "bin": {
        "loose-envify": "cli.js"
      }
    },
    "node_modules/lucide-react": {
      "version": "0.344.0",
      "resolved": "https://registry.npmjs.org/lucide-react/-/lucide-react-0.344.0.tgz",
      "integrity": "sha512-YIe9oFz4G0nCgOAPvLqZAkKbfQe41J3bLpW7pXjB4Sj+nIagWMyWJqMv378s+51p0Q5F+QoPzdrgBq2x/w==",
      "peerDependencies": {
        "react": ">=17"
      }
    },
    "node_modules/nanoid": {
      "version": "3.3.7",
      "resolved": "https://registry.npmjs.org/nanoid/-/nanoid-3.3.7.tgz",
      "integrity": "sha512-beP0ktjUawoevpe7pTQokVFNgoNYsEr6a+LqsO8xSjx0zaHn/TjxCAKQIxLda8L3YFwJbVCI5pL8bVbFkCbhQA==",
      "dev": true,
      "bin": {
        "nanoid": "bin/nanoid.js"
      },
      "engines": {
        "node": "^10 || ^12 || ^13.7 || ^14 || >=15.0.1"
      }
    },
    "node_modules/picocolors": {
      "version": "1.0.0",
      "resolved": "https://registry.npmjs.org/picocolors/-/picocolors-1.0.0.tgz",
      "integrity": "sha512-1fygroBR2CZuam+RYctfMabvcC5I4oKU5fCqBwBidBWP+IbmCyRrXSRKiEbmuGANMb46c5bXxSMvAUPsoAOYZNw==",
      "dev": true
    },
    "node_modules/postcss": {
      "version": "8.4.35",
      "resolved": "https://registry.npmjs.org/postcss/-/postcss-8.4.35.tgz",
      "integrity": "sha512-1gTQdEu8od79c/dZNlHnQRwzXgCxmvf2aOM6de/71oXDBn1gTo33wWJEVoT/I0v3rV9kTw/O17/Y2x43yW8G+w==",
      "dev": true,
      "dependencies": {
        "lilconfig": "^2.1.0",
        "nanoid": "^3.3.7",
        "picocolors": "^1.0.0",
        "source-map-js": "^1.0.2"
      },
      "engines": {
        "node": "^10 || ^12 || >=14"
      }
    },
    "node_modules/postcss-value-parser": {
      "version": "4.2.0",
      "resolved": "https://registry.npmjs.org/postcss-value-parser/-/postcss-value-parser-4.2.0.tgz",
      "integrity": "sha512-1NNCs6uurfkVbeXG4S8JFT9t19gDGoP/H7absw2rYgaCmTqPN0PCisAejKxwGDN+L5pibdCSW6B3Tutmy5223w==",
      "dev": true
    },
    "node_modules/react": {
      "version": "18.2.0",
      "resolved": "https://registry.npmjs.org/react/-/react-18.2.0.tgz",
      "integrity": "sha512-/3IjMdb2L9QbBdWiW5e3P2/npwYvrKToggXOijlOPXCBO+oStrO+AF7bkeuwZrTXwp3sBEin5f/2oA7gy3ab7A==",
      "dependencies": {
        "loose-envify": "^1.1.0"
      },
      "engines": {
        "node": ">=0.10.0"
      }
    },
    "node_modules/react-dom": {
      "version": "18.2.0",
      "resolved": "https://registry.npmjs.org/react-dom/-/react-dom-18.2.0.tgz",
      "integrity": "sha512-6IMTriUmvsjHUjNtEDudZfuDQUoWzZXnSL1ajPsBKv1+ve5iIVeB3u4pER4TfOBz+RchEqAXMTaNYlu2JMEpWw==",
      "dependencies": {
        "loose-envify": "^1.1.0",
        "scheduler": "^0.23.0"
      },
      "peerDependencies": {
        "react": "^18.2.0"
      }
    },
    "node_modules/scheduler": {
      "version": "0.23.0",
      "resolved": "https://registry.npmjs.org/scheduler/-/scheduler-0.23.0.tgz",
      "integrity": "sha512-CtuThmgVNg7zIZEREbURqLIBKH1M2B+zrECyodKMsAEkOOi2eQfGqae6sDcp2revv2R2SOgO1hqwRGl3c/T8sQ==",
      "dependencies": {
        "loose-envify": "^1.1.0"
      }
    },
    "node_modules/source-map-js": {
      "version": "1.0.2",
      "resolved": "https://registry.npmjs.org/source-map-js/-/source-map-js-1.0.2.tgz",
      "integrity": "sha512-R0XvVJ9WusLiqTCEiGCmICCMplcCkIwwR11mOSD9CR5u+IXYdiseeEuXCVAjS54zP6iwf01zLUIDlOwB9Z1v2w==",
      "dev": true,
      "engines": {
        "node": ">=0.10.0"
      }
    },
    "node_modules/tailwindcss": {
      "version": "3.4.1",
      "resolved": "https://registry.npmjs.org/tailwindcss/-/tailwindcss-3.4.1.tgz",
      "integrity": "sha512-dG3+s3tw4J+r4SC2l93rU1b9F75p72Imx/FCGhiu3Fw3vea8B+4tWGAQ9hXlDAf/DA8hLg+Q3YIbr/kK9TugrQ==",
      "dev": true,
      "dependencies": {
        "postcss": "^8.4.31"
      },
      "bin": {
        "tailwind": "lib/cli.js",
        "tailwindcss": "lib/cli.js"
      },
      "engines": {
        "node": ">=14.0.0"
      }
    },
    "node_modules/tslib": {
      "version": "2.6.2",
      "resolved": "https://registry.npmjs.org/tslib/-/tslib-2.6.2.tgz",
      "integrity": "sha512-AEYxH93jGFPn/a2iVAwW87VuUIkR1FVUKB77NwMF7kBTDkDrrT/Hpt/IrCJ0QXhW27jTBDcf5ZY7w6RiqTMw2Q=="
    },
    "node_modules/typescript": {
      "version": "5.2.2",
      "resolved": "https://registry.npmjs.org/typescript/-/typescript-5.2.2.tgz",
      "integrity": "sha512-mI4WrpHsbCIcwT9cF4FvrEjdlBzaCc/52marm7EOMvStkRPe/OWiMNzSHq73zVwt/bA983jFGf9u0aBER5te4w==",
      "dev": true,
      "bin": {
        "tsc": "bin/tsc",
        "tsserver": "bin/tsserver"
      },
      "engines": {
        "node": ">=14.17"
      }
    },
    "node_modules/vite": {
      "version": "5.1.4",
      "resolved": "https://registry.npmjs.org/vite/-/vite-5.1.4.tgz",
      "integrity": "sha512-Y3z8xLaupAlYA8KKE2u29fn/t12iV4pBFH4y3zJd55l1QoKaIfLfpFj2cxf+wGzKLf/61D/7a8Pbz+R8l/v5Ug==",
      "dev": true,
      "dependencies": {
        "esbuild": "^0.19.11",
        "postcss": "^8.4.34",
        "rollup": "^4.9.6"
      },
      "bin": {
        "vite": "bin/vite.js"
      },
      "engines": {
        "node": "^18.0.0 || >=20.0.0"
      },
      "funding": {
        "url": "https://github.com/sponsors/yyx990803"
      },
      "optionalDependencies": {
        "fsevents": "~2.3.3"
      }
    },
    "node_modules/vite/node_modules/esbuild": {
      "version": "0.19.12",
      "resolved": "https://registry.npmjs.org/esbuild/-/esbuild-0.19.12.tgz",
      "integrity": "sha512-EUzaP2n2lX6s6YEoOA1wTuhXGg22NndP3TfKLyIZ1Q2h8QYscsKHQ1i3cEwM1tQou08415f3w+dTCJb3g523Ug==",
      "dev": true,
      "hasInstallScript": true,
      "os": [
        "darwin",
        "freebsd",
        "linux",
        "netbsd",
        "openbsd",
        "win32"
      ],
      "bin": {
        "esbuild": "bin/esbuild"
      },
      "engines": {
        "node": ">=12"
      }
    },
    "node_modules/vite/node_modules/rollup": {
      "version": "4.9.6",
      "resolved": "https://registry.npmjs.org/rollup/-/rollup-4.9.6.tgz",
      "integrity": "sha512-zODJNPbwpaM4Y79s4d4r5e4bY1M65LwKpsgkYJb21Wc/caqC2e+iB6d9s3a8T6gIkM+g24vjbrWkG96iW/M5A==",
      "dev": true,
      "bin": {
        "rollup": "dist/bin/rollup"
      },
      "engines": {
        "node": ">=18.0.0",
        "npm": ">=8.0.0"
      }
    }
  }
}